
Microsoft Visual Studio Solution File, Format Version 12.00
# Visual Studio Version 16
VisualStudioVersion = 16.0.30309.148
MinimumVisualStudioVersion = 10.0.40219.1
Project("{FAE04EC0-301F-11D3-BF4B-00C04F79EFBC}") = "Real AI", "Real AI\Real AI.csproj", "{4D5C5A22-606C-43F3-817F-E4E3FBCF2EFF}"
EndProject
Global
	GlobalSection(SolutionConfigurationPlatforms) = preSolution
		Debug|Any CPU = Debug|Any CPU
		Release|Any CPU = Release|Any CPU
	EndGlobalSection
	GlobalSection(ProjectConfigurationPlatforms) = postSolution
		{4D5C5A22-606C-43F3-817F-E4E3FBCF2EFF}.Debug|Any CPU.ActiveCfg = Debug|Any CPU
		{4D5C5A22-606C-43F3-817F-E4E3FBCF2EFF}.Debug|Any CPU.Build.0 = Debug|Any CPU
		{4D5C5A22-606C-43F3-817F-E4E3FBCF2EFF}.Release|Any CPU.ActiveCfg = Release|Any CPU
		{4D5C5A22-606C-43F3-817F-E4E3FBCF2EFF}.Release|Any CPU.Build.0 = Release|Any CPU
	EndGlobalSection
	GlobalSection(SolutionProperties) = preSolution
		HideSolutionNode = FALSE
	EndGlobalSection
	GlobalSection(ExtensibilityGlobals) = postSolution
		SolutionGuid = {FA3335FD-48BD-44EA-A175-2FDF986D707D}
	EndGlobalSection
	GlobalSection(TeamFoundationVersionControl) = preSolution
		SccNumberOfProjects = 2
		SccEnterpriseProvider = {4CA58AB2-18FA-4F8D-95D4-32DDF27D184C}
		SccTeamFoundationServer = https://dev.azure.com/oblivionburn
		SccLocalPath0 = .
		SccProjectUniqueName1 = Real\u0020AI\\Real\u0020AI.csproj
		SccProjectName1 = Real\u0020AI
		SccLocalPath1 = Real\u0020AI
	EndGlobalSection
EndGlobal
